
Microsoft Visual Studio Solution File, Format Version 11.00
# Visual Studio 2010
Project("{2150E333-8FDC-42A3-9474-1A3956D46DE8}") = "Solution Items", "Solution Items", "{17FF3569-2225-4CF1-8257-A250C4157CD7}"
	ProjectSection(SolutionItems) = preProject
		Local.testsettings = Local.testsettings
		ParameterValidation1.vsmdi = ParameterValidation1.vsmdi
		TraceAndTestImpact.testsettings = TraceAndTestImpact.testsettings
	EndProjectSection
EndProject
Project("{FAE04EC0-301F-11D3-BF4B-00C04F79EFBC}") = "ParameterValidation", "ParameterValidation\ParameterValidation.csproj", "{E4B6E945-718C-45FB-B84E-51FEA9166440}"
EndProject
Project("{FAE04EC0-301F-11D3-BF4B-00C04F79EFBC}") = "ParameterValidation.Tests", "ParameterValidation.Tests\ParameterValidation.Tests.csproj", "{3EF5055D-9789-4580-9093-735D4DAE7538}"
EndProject
Global
	GlobalSection(TestCaseManagementSettings) = postSolution
		CategoryFile = ParameterValidation1.vsmdi
	EndGlobalSection
	GlobalSection(SolutionConfigurationPlatforms) = preSolution
		Debug|Any CPU = Debug|Any CPU
		Release|Any CPU = Release|Any CPU
	EndGlobalSection
	GlobalSection(ProjectConfigurationPlatforms) = postSolution
		{E4B6E945-718C-45FB-B84E-51FEA9166440}.Debug|Any CPU.ActiveCfg = Debug|Any CPU
		{E4B6E945-718C-45FB-B84E-51FEA9166440}.Debug|Any CPU.Build.0 = Debug|Any CPU
		{E4B6E945-718C-45FB-B84E-51FEA9166440}.Release|Any CPU.ActiveCfg = Release|Any CPU
		{E4B6E945-718C-45FB-B84E-51FEA9166440}.Release|Any CPU.Build.0 = Release|Any CPU
		{3EF5055D-9789-4580-9093-735D4DAE7538}.Debug|Any CPU.ActiveCfg = Debug|Any CPU
		{3EF5055D-9789-4580-9093-735D4DAE7538}.Debug|Any CPU.Build.0 = Debug|Any CPU
		{3EF5055D-9789-4580-9093-735D4DAE7538}.Release|Any CPU.ActiveCfg = Release|Any CPU
		{3EF5055D-9789-4580-9093-735D4DAE7538}.Release|Any CPU.Build.0 = Release|Any CPU
	EndGlobalSection
	GlobalSection(SolutionProperties) = preSolution
		HideSolutionNode = FALSE
	EndGlobalSection
EndGlobal
